
Microsoft Visual Studio Solution File, Format Version 12.00
# Visual Studio Version 16
VisualStudioVersion = 16.0.32630.194
MinimumVisualStudioVersion = 10.0.40219.1
Project("{FAE04EC0-301F-11D3-BF4B-00C04F79EFBC}") = "KompGraf№2", "KompGraf№2\KompGraf№2.csproj", "{ECF613CD-048F-4868-B155-16159B40DAD5}"
EndProject
Global
	GlobalSection(SolutionConfigurationPlatforms) = preSolution
		Debug|Any CPU = Debug|Any CPU
		Release|Any CPU = Release|Any CPU
	EndGlobalSection
	GlobalSection(ProjectConfigurationPlatforms) = postSolution
		{ECF613CD-048F-4868-B155-16159B40DAD5}.Debug|Any CPU.ActiveCfg = Debug|Any CPU
		{ECF613CD-048F-4868-B155-16159B40DAD5}.Debug|Any CPU.Build.0 = Debug|Any CPU
		{ECF613CD-048F-4868-B155-16159B40DAD5}.Release|Any CPU.ActiveCfg = Release|Any CPU
		{ECF613CD-048F-4868-B155-16159B40DAD5}.Release|Any CPU.Build.0 = Release|Any CPU
	EndGlobalSection
	GlobalSection(SolutionProperties) = preSolution
		HideSolutionNode = FALSE
	EndGlobalSection
	GlobalSection(ExtensibilityGlobals) = postSolution
		SolutionGuid = {5FC38EEC-9E71-4381-BE80-6A08D9F7A733}
	EndGlobalSection
EndGlobal
